// !$*UTF8*$!
{
	archiveVersion = 1;
	classes = {
	};
	objectVersion = 55;
	objects = {

/* Begin PBXBuildFile section */
		D61754F22A34196B006A3351 /* main.swift in Sources */ = {isa = PBXBuildFile; fileRef = D61754F12A34196B006A3351 /* main.swift */; };
		D6D9C4F92A2F5DDA0070317D /* task7_1App.swift in Sources */ = {isa = PBXBuildFile; fileRef = D6D9C4F82A2F5DDA0070317D /* task7_1App.swift */; };
		D6D9C4FB2A2F5DDA0070317D /* ContentView.swift in Sources */ = {isa = PBXBuildFile; fileRef = D6D9C4FA2A2F5DDA0070317D /* ContentView.swift */; };
		D6D9C4FD2A2F5DDF0070317D /* Assets.xcassets in Resources */ = {isa = PBXBuildFile; fileRef = D6D9C4FC2A2F5DDF0070317D /* Assets.xcassets */; };
		D6D9C5002A2F5DDF0070317D /* Preview Assets.xcassets in Resources */ = {isa = PBXBuildFile; fileRef = D6D9C4FF2A2F5DDF0070317D /* Preview Assets.xcassets */; };
		D6D9C5082A2F5E9A0070317D /* CustomButtonViewWithImage.swift in Sources */ = {isa = PBXBuildFile; fileRef = D6D9C5072A2F5E9A0070317D /* CustomButtonViewWithImage.swift */; };
		D6D9C50A2A2F5ED40070317D /* CustomImageView.swift in Sources */ = {isa = PBXBuildFile; fileRef = D6D9C5092A2F5ED40070317D /* CustomImageView.swift */; };
		D6D9C5412A333FB10070317D /* CustomTabbar.swift in Sources */ = {isa = PBXBuildFile; fileRef = D6D9C5402A333FB10070317D /* CustomTabbar.swift */; };
		D6D9C5432A333FD00070317D /* FoodHorizontalSelectedView.swift in Sources */ = {isa = PBXBuildFile; fileRef = D6D9C5422A333FD00070317D /* FoodHorizontalSelectedView.swift */; };
		D6D9C5452A3340430070317D /* Customtext.swift in Sources */ = {isa = PBXBuildFile; fileRef = D6D9C5442A3340430070317D /* Customtext.swift */; };
		D6D9C5472A3340790070317D /* FoodVerticalSelectView.swift in Sources */ = {isa = PBXBuildFile; fileRef = D6D9C5462A3340790070317D /* FoodVerticalSelectView.swift */; };
		D6D9C5492A3340A20070317D /* NavBarView.swift in Sources */ = {isa = PBXBuildFile; fileRef = D6D9C5482A3340A20070317D /* NavBarView.swift */; };
		D6D9C54B2A3340C40070317D /* ProductVerticalSelectView.swift in Sources */ = {isa = PBXBuildFile; fileRef = D6D9C54A2A3340C40070317D /* ProductVerticalSelectView.swift */; };
		D6D9C54D2A33416A0070317D /* SBView.swift in Sources */ = {isa = PBXBuildFile; fileRef = D6D9C54C2A33416A0070317D /* SBView.swift */; };
		D6D9C54F2A3341950070317D /* SectionBar.swift in Sources */ = {isa = PBXBuildFile; fileRef = D6D9C54E2A3341950070317D /* SectionBar.swift */; };
		D6D9C5522A3341FC0070317D /* DetailsViews.swift in Sources */ = {isa = PBXBuildFile; fileRef = D6D9C5512A3341FC0070317D /* DetailsViews.swift */; };
		D6D9C5542A33421B0070317D /* LocationViews.swift in Sources */ = {isa = PBXBuildFile; fileRef = D6D9C5532A33421B0070317D /* LocationViews.swift */; };
		D6D9C55A2A33429D0070317D /* ModelApi.swift in Sources */ = {isa = PBXBuildFile; fileRef = D6D9C5592A33429D0070317D /* ModelApi.swift */; };
		D6D9C55C2A3342B90070317D /* Food.swift in Sources */ = {isa = PBXBuildFile; fileRef = D6D9C55B2A3342B90070317D /* Food.swift */; };
		D6D9C5622A3345A10070317D /* Kingfisher in Frameworks */ = {isa = PBXBuildFile; productRef = D6D9C5612A3345A10070317D /* Kingfisher */; };
/* End PBXBuildFile section */

/* Begin PBXFileReference section */
		D61754F12A34196B006A3351 /* main.swift */ = {isa = PBXFileReference; lastKnownFileType = sourcecode.swift; path = main.swift; sourceTree = "<group>"; };
		D6D9C4F52A2F5DDA0070317D /* task7.1.app */ = {isa = PBXFileReference; explicitFileType = wrapper.application; includeInIndex = 0; path = task7.1.app; sourceTree = BUILT_PRODUCTS_DIR; };
		D6D9C4F82A2F5DDA0070317D /* task7_1App.swift */ = {isa = PBXFileReference; lastKnownFileType = sourcecode.swift; path = task7_1App.swift; sourceTree = "<group>"; };
		D6D9C4FA2A2F5DDA0070317D /* ContentView.swift */ = {isa = PBXFileReference; lastKnownFileType = sourcecode.swift; path = ContentView.swift; sourceTree = "<group>"; };
		D6D9C4FC2A2F5DDF0070317D /* Assets.xcassets */ = {isa = PBXFileReference; lastKnownFileType = folder.assetcatalog; path = Assets.xcassets; sourceTree = "<group>"; };
		D6D9C4FF2A2F5DDF0070317D /* Preview Assets.xcassets */ = {isa = PBXFileReference; lastKnownFileType = folder.assetcatalog; path = "Preview Assets.xcassets"; sourceTree = "<group>"; };
		D6D9C5072A2F5E9A0070317D /* CustomButtonViewWithImage.swift */ = {isa = PBXFileReference; lastKnownFileType = sourcecode.swift; path = CustomButtonViewWithImage.swift; sourceTree = "<group>"; };
		D6D9C5092A2F5ED40070317D /* CustomImageView.swift */ = {isa = PBXFileReference; lastKnownFileType = sourcecode.swift; path = CustomImageView.swift; sourceTree = "<group>"; };
		D6D9C5402A333FB10070317D /* CustomTabbar.swift */ = {isa = PBXFileReference; lastKnownFileType = sourcecode.swift; path = CustomTabbar.swift; sourceTree = "<group>"; };
		D6D9C5422A333FD00070317D /* FoodHorizontalSelectedView.swift */ = {isa = PBXFileReference; lastKnownFileType = sourcecode.swift; path = FoodHorizontalSelectedView.swift; sourceTree = "<group>"; };
		D6D9C5442A3340430070317D /* Customtext.swift */ = {isa = PBXFileReference; lastKnownFileType = sourcecode.swift; path = Customtext.swift; sourceTree = "<group>"; };
		D6D9C5462A3340790070317D /* FoodVerticalSelectView.swift */ = {isa = PBXFileReference; lastKnownFileType = sourcecode.swift; path = FoodVerticalSelectView.swift; sourceTree = "<group>"; };
		D6D9C5482A3340A20070317D /* NavBarView.swift */ = {isa = PBXFileReference; lastKnownFileType = sourcecode.swift; path = NavBarView.swift; sourceTree = "<group>"; };
		D6D9C54A2A3340C40070317D /* ProductVerticalSelectView.swift */ = {isa = PBXFileReference; lastKnownFileType = sourcecode.swift; path = ProductVerticalSelectView.swift; sourceTree = "<group>"; };
		D6D9C54C2A33416A0070317D /* SBView.swift */ = {isa = PBXFileReference; lastKnownFileType = sourcecode.swift; path = SBView.swift; sourceTree = "<group>"; };
		D6D9C54E2A3341950070317D /* SectionBar.swift */ = {isa = PBXFileReference; lastKnownFileType = sourcecode.swift; path = SectionBar.swift; sourceTree = "<group>"; };
		D6D9C5512A3341FC0070317D /* DetailsViews.swift */ = {isa = PBXFileReference; lastKnownFileType = sourcecode.swift; path = DetailsViews.swift; sourceTree = "<group>"; };
		D6D9C5532A33421B0070317D /* LocationViews.swift */ = {isa = PBXFileReference; lastKnownFileType = sourcecode.swift; path = LocationViews.swift; sourceTree = "<group>"; };
		D6D9C5592A33429D0070317D /* ModelApi.swift */ = {isa = PBXFileReference; lastKnownFileType = sourcecode.swift; path = ModelApi.swift; sourceTree = "<group>"; };
		D6D9C55B2A3342B90070317D /* Food.swift */ = {isa = PBXFileReference; lastKnownFileType = sourcecode.swift; path = Food.swift; sourceTree = "<group>"; };
/* End PBXFileReference section */

/* Begin PBXFrameworksBuildPhase section */
		D6D9C4F22A2F5DDA0070317D /* Frameworks */ = {
			isa = PBXFrameworksBuildPhase;
			buildActionMask = 2147483647;
			files = (
				D6D9C5622A3345A10070317D /* Kingfisher in Frameworks */,
			);
			runOnlyForDeploymentPostprocessing = 0;
		};
/* End PBXFrameworksBuildPhase section */

/* Begin PBXGroup section */
		D6D9C4EC2A2F5DDA0070317D = {
			isa = PBXGroup;
			children = (
				D6D9C4F72A2F5DDA0070317D /* task7.1 */,
				D6D9C4F62A2F5DDA0070317D /* Products */,
			);
			sourceTree = "<group>";
		};
		D6D9C4F62A2F5DDA0070317D /* Products */ = {
			isa = PBXGroup;
			children = (
				D6D9C4F52A2F5DDA0070317D /* task7.1.app */,
			);
			name = Products;
			sourceTree = "<group>";
		};
		D6D9C4F72A2F5DDA0070317D /* task7.1 */ = {
			isa = PBXGroup;
			children = (
				D6D9C5582A3342850070317D /* Models */,
				D6D9C5572A3342640070317D /* Networking */,
				D6D9C5502A3341B70070317D /* Views */,
				D6D9C53F2A333F7F0070317D /* Custom */,
				D6D9C5062A2F5E6A0070317D /* DesgnSistem */,
				D6D9C4F82A2F5DDA0070317D /* task7_1App.swift */,
				D6D9C4FC2A2F5DDF0070317D /* Assets.xcassets */,
				D6D9C4FE2A2F5DDF0070317D /* Preview Content */,
			);
			path = task7.1;
			sourceTree = "<group>";
		};
		D6D9C4FE2A2F5DDF0070317D /* Preview Content */ = {
			isa = PBXGroup;
			children = (
				D6D9C4FF2A2F5DDF0070317D /* Preview Assets.xcassets */,
			);
			path = "Preview Content";
			sourceTree = "<group>";
		};
		D6D9C5062A2F5E6A0070317D /* DesgnSistem */ = {
			isa = PBXGroup;
			children = (
				D6D9C5072A2F5E9A0070317D /* CustomButtonViewWithImage.swift */,
				D6D9C5092A2F5ED40070317D /* CustomImageView.swift */,
				D6D9C5442A3340430070317D /* Customtext.swift */,
			);
			path = DesgnSistem;
			sourceTree = "<group>";
		};
		D6D9C53F2A333F7F0070317D /* Custom */ = {
			isa = PBXGroup;
			children = (
				D6D9C5402A333FB10070317D /* CustomTabbar.swift */,
				D6D9C5422A333FD00070317D /* FoodHorizontalSelectedView.swift */,
				D6D9C5462A3340790070317D /* FoodVerticalSelectView.swift */,
				D6D9C5482A3340A20070317D /* NavBarView.swift */,
				D6D9C54A2A3340C40070317D /* ProductVerticalSelectView.swift */,
				D6D9C54C2A33416A0070317D /* SBView.swift */,
				D6D9C54E2A3341950070317D /* SectionBar.swift */,
			);
			path = Custom;
			sourceTree = "<group>";
		};
		D6D9C5502A3341B70070317D /* Views */ = {
			isa = PBXGroup;
			children = (
				D6D9C4FA2A2F5DDA0070317D /* ContentView.swift */,
				D6D9C5512A3341FC0070317D /* DetailsViews.swift */,
				D6D9C5532A33421B0070317D /* LocationViews.swift */,
				D61754F12A34196B006A3351 /* main.swift */,
			);
			path = Views;
			sourceTree = "<group>";
		};
		D6D9C5572A3342640070317D /* Networking */ = {
			isa = PBXGroup;
			children = (
				D6D9C55B2A3342B90070317D /* Food.swift */,
			);
			path = Networking;
			sourceTree = "<group>";
		};
		D6D9C5582A3342850070317D /* Models */ = {
			isa = PBXGroup;
			children = (
				D6D9C5592A33429D0070317D /* ModelApi.swift */,
			);
			path = Models;
			sourceTree = "<group>";
		};
/* End PBXGroup section */

/* Begin PBXNativeTarget section */
		D6D9C4F42A2F5DDA0070317D /* task7.1 */ = {
			isa = PBXNativeTarget;
			buildConfigurationList = D6D9C5032A2F5DDF0070317D /* Build configuration list for PBXNativeTarget "task7.1" */;
			buildPhases = (
				D6D9C4F12A2F5DDA0070317D /* Sources */,
				D6D9C4F22A2F5DDA0070317D /* Frameworks */,
				D6D9C4F32A2F5DDA0070317D /* Resources */,
			);
			buildRules = (
			);
			dependencies = (
			);
			name = task7.1;
			packageProductDependencies = (
				D6D9C5612A3345A10070317D /* Kingfisher */,
			);
			productName = task7.1;
			productReference = D6D9C4F52A2F5DDA0070317D /* task7.1.app */;
			productType = "com.apple.product-type.application";
		};
/* End PBXNativeTarget section */

/* Begin PBXProject section */
		D6D9C4ED2A2F5DDA0070317D /* Project object */ = {
			isa = PBXProject;
			attributes = {
				BuildIndependentTargetsInParallel = 1;
				LastSwiftUpdateCheck = 1310;
				LastUpgradeCheck = 1310;
				TargetAttributes = {
					D6D9C4F42A2F5DDA0070317D = {
						CreatedOnToolsVersion = 13.1;
					};
				};
			};
			buildConfigurationList = D6D9C4F02A2F5DDA0070317D /* Build configuration list for PBXProject "task7.1" */;
			compatibilityVersion = "Xcode 13.0";
			developmentRegion = en;
			hasScannedForEncodings = 0;
			knownRegions = (
				en,
				Base,
			);
			mainGroup = D6D9C4EC2A2F5DDA0070317D;
			packageReferences = (
				D6D9C5602A3345A10070317D /* XCRemoteSwiftPackageReference "Kingfisher" */,
			);
			productRefGroup = D6D9C4F62A2F5DDA0070317D /* Products */;
			projectDirPath = "";
			projectRoot = "";
			targets = (
				D6D9C4F42A2F5DDA0070317D /* task7.1 */,
			);
		};
/* End PBXProject section */

/* Begin PBXResourcesBuildPhase section */
		D6D9C4F32A2F5DDA0070317D /* Resources */ = {
			isa = PBXResourcesBuildPhase;
			buildActionMask = 2147483647;
			files = (
				D6D9C5002A2F5DDF0070317D /* Preview Assets.xcassets in Resources */,
				D6D9C4FD2A2F5DDF0070317D /* Assets.xcassets in Resources */,
			);
			runOnlyForDeploymentPostprocessing = 0;
		};
/* End PBXResourcesBuildPhase section */

/* Begin PBXSourcesBuildPhase section */
		D6D9C4F12A2F5DDA0070317D /* Sources */ = {
			isa = PBXSourcesBuildPhase;
			buildActionMask = 2147483647;
			files = (
				D6D9C4FB2A2F5DDA0070317D /* ContentView.swift in Sources */,
				D6D9C54F2A3341950070317D /* SectionBar.swift in Sources */,
				D61754F22A34196B006A3351 /* main.swift in Sources */,
				D6D9C5452A3340430070317D /* Customtext.swift in Sources */,
				D6D9C5412A333FB10070317D /* CustomTabbar.swift in Sources */,
				D6D9C50A2A2F5ED40070317D /* CustomImageView.swift in Sources */,
				D6D9C5492A3340A20070317D /* NavBarView.swift in Sources */,
				D6D9C55A2A33429D0070317D /* ModelApi.swift in Sources */,
				D6D9C5522A3341FC0070317D /* DetailsViews.swift in Sources */,
				D6D9C5472A3340790070317D /* FoodVerticalSelectView.swift in Sources */,
				D6D9C54D2A33416A0070317D /* SBView.swift in Sources */,
				D6D9C54B2A3340C40070317D /* ProductVerticalSelectView.swift in Sources */,
				D6D9C5082A2F5E9A0070317D /* CustomButtonViewWithImage.swift in Sources */,
				D6D9C5542A33421B0070317D /* LocationViews.swift in Sources */,
				D6D9C55C2A3342B90070317D /* Food.swift in Sources */,
				D6D9C5432A333FD00070317D /* FoodHorizontalSelectedView.swift in Sources */,
				D6D9C4F92A2F5DDA0070317D /* task7_1App.swift in Sources */,
			);
			runOnlyForDeploymentPostprocessing = 0;
		};
/* End PBXSourcesBuildPhase section */

/* Begin XCBuildConfiguration section */
		D6D9C5012A2F5DDF0070317D /* Debug */ = {
			isa = XCBuildConfiguration;
			buildSettings = {
				ALWAYS_SEARCH_USER_PATHS = NO;
				CLANG_ANALYZER_NONNULL = YES;
				CLANG_ANALYZER_NUMBER_OBJECT_CONVERSION = YES_AGGRESSIVE;
				CLANG_CXX_LANGUAGE_STANDARD = "gnu++17";
				CLANG_CXX_LIBRARY = "libc++";
				CLANG_ENABLE_MODULES = YES;
				CLANG_ENABLE_OBJC_ARC = YES;
				CLANG_ENABLE_OBJC_WEAK = YES;
				CLANG_WARN_BLOCK_CAPTURE_AUTORELEASING = YES;
				CLANG_WARN_BOOL_CONVERSION = YES;
				CLANG_WARN_COMMA = YES;
				CLANG_WARN_CONSTANT_CONVERSION = YES;
				CLANG_WARN_DEPRECATED_OBJC_IMPLEMENTATIONS = YES;
				CLANG_WARN_DIRECT_OBJC_ISA_USAGE = YES_ERROR;
				CLANG_WARN_DOCUMENTATION_COMMENTS = YES;
				CLANG_WARN_EMPTY_BODY = YES;
				CLANG_WARN_ENUM_CONVERSION = YES;
				CLANG_WARN_INFINITE_RECURSION = YES;
				CLANG_WARN_INT_CONVERSION = YES;
				CLANG_WARN_NON_LITERAL_NULL_CONVERSION = YES;
				CLANG_WARN_OBJC_IMPLICIT_RETAIN_SELF = YES;
				CLANG_WARN_OBJC_LITERAL_CONVERSION = YES;
				CLANG_WARN_OBJC_ROOT_CLASS = YES_ERROR;
				CLANG_WARN_QUOTED_INCLUDE_IN_FRAMEWORK_HEADER = YES;
				CLANG_WARN_RANGE_LOOP_ANALYSIS = YES;
				CLANG_WARN_STRICT_PROTOTYPES = YES;
				CLANG_WARN_SUSPICIOUS_MOVE = YES;
				CLANG_WARN_UNGUARDED_AVAILABILITY = YES_AGGRESSIVE;
				CLANG_WARN_UNREACHABLE_CODE = YES;
				CLANG_WARN__DUPLICATE_METHOD_MATCH = YES;
				COPY_PHASE_STRIP = NO;
				DEBUG_INFORMATION_FORMAT = dwarf;
				ENABLE_STRICT_OBJC_MSGSEND = YES;
				ENABLE_TESTABILITY = YES;
				GCC_C_LANGUAGE_STANDARD = gnu11;
				GCC_DYNAMIC_NO_PIC = NO;
				GCC_NO_COMMON_BLOCKS = YES;
				GCC_OPTIMIZATION_LEVEL = 0;
				GCC_PREPROCESSOR_DEFINITIONS = (
					"DEBUG=1",
					"$(inherited)",
				);
				GCC_WARN_64_TO_32_BIT_CONVERSION = YES;
				GCC_WARN_ABOUT_RETURN_TYPE = YES_ERROR;
				GCC_WARN_UNDECLARED_SELECTOR = YES;
				GCC_WARN_UNINITIALIZED_AUTOS = YES_AGGRESSIVE;
				GCC_WARN_UNUSED_FUNCTION = YES;
				GCC_WARN_UNUSED_VARIABLE = YES;
				IPHONEOS_DEPLOYMENT_TARGET = 15.0;
				MTL_ENABLE_DEBUG_INFO = INCLUDE_SOURCE;
				MTL_FAST_MATH = YES;
				ONLY_ACTIVE_ARCH = YES;
				SDKROOT = iphoneos;
				SWIFT_ACTIVE_COMPILATION_CONDITIONS = DEBUG;
				SWIFT_OPTIMIZATION_LEVEL = "-Onone";
			};
			name = Debug;
		};
		D6D9C5022A2F5DDF0070317D /* Release */ = {
			isa = XCBuildConfiguration;
			buildSettings = {
				ALWAYS_SEARCH_USER_PATHS = NO;
				CLANG_ANALYZER_NONNULL = YES;
				CLANG_ANALYZER_NUMBER_OBJECT_CONVERSION = YES_AGGRESSIVE;
				CLANG_CXX_LANGUAGE_STANDARD = "gnu++17";
				CLANG_CXX_LIBRARY = "libc++";
				CLANG_ENABLE_MODULES = YES;
				CLANG_ENABLE_OBJC_ARC = YES;
				CLANG_ENABLE_OBJC_WEAK = YES;
				CLANG_WARN_BLOCK_CAPTURE_AUTORELEASING = YES;
				CLANG_WARN_BOOL_CONVERSION = YES;
				CLANG_WARN_COMMA = YES;
				CLANG_WARN_CONSTANT_CONVERSION = YES;
				CLANG_WARN_DEPRECATED_OBJC_IMPLEMENTATIONS = YES;
				CLANG_WARN_DIRECT_OBJC_ISA_USAGE = YES_ERROR;
				CLANG_WARN_DOCUMENTATION_COMMENTS = YES;
				CLANG_WARN_EMPTY_BODY = YES;
				CLANG_WARN_ENUM_CONVERSION = YES;
				CLANG_WARN_INFINITE_RECURSION = YES;
				CLANG_WARN_INT_CONVERSION = YES;
				CLANG_WARN_NON_LITERAL_NULL_CONVERSION = YES;
				CLANG_WARN_OBJC_IMPLICIT_RETAIN_SELF = YES;
				CLANG_WARN_OBJC_LITERAL_CONVERSION = YES;
				CLANG_WARN_OBJC_ROOT_CLASS = YES_ERROR;
				CLANG_WARN_QUOTED_INCLUDE_IN_FRAMEWORK_HEADER = YES;
				CLANG_WARN_RANGE_LOOP_ANALYSIS = YES;
				CLANG_WARN_STRICT_PROTOTYPES = YES;
				CLANG_WARN_SUSPICIOUS_MOVE = YES;
				CLANG_WARN_UNGUARDED_AVAILABILITY = YES_AGGRESSIVE;
				CLANG_WARN_UNREACHABLE_CODE = YES;
				CLANG_WARN__DUPLICATE_METHOD_MATCH = YES;
				COPY_PHASE_STRIP = NO;
				DEBUG_INFORMATION_FORMAT = "dwarf-with-dsym";
				ENABLE_NS_ASSERTIONS = NO;
				ENABLE_STRICT_OBJC_MSGSEND = YES;
				GCC_C_LANGUAGE_STANDARD = gnu11;
				GCC_NO_COMMON_BLOCKS = YES;
				GCC_WARN_64_TO_32_BIT_CONVERSION = YES;
				GCC_WARN_ABOUT_RETURN_TYPE = YES_ERROR;
				GCC_WARN_UNDECLARED_SELECTOR = YES;
				GCC_WARN_UNINITIALIZED_AUTOS = YES_AGGRESSIVE;
				GCC_WARN_UNUSED_FUNCTION = YES;
				GCC_WARN_UNUSED_VARIABLE = YES;
				IPHONEOS_DEPLOYMENT_TARGET = 15.0;
				MTL_ENABLE_DEBUG_INFO = NO;
				MTL_FAST_MATH = YES;
				SDKROOT = iphoneos;
				SWIFT_COMPILATION_MODE = wholemodule;
				SWIFT_OPTIMIZATION_LEVEL = "-O";
				VALIDATE_PRODUCT = YES;
			};
			name = Release;
		};
		D6D9C5042A2F5DDF0070317D /* Debug */ = {
			isa = XCBuildConfiguration;
			buildSettings = {
				ASSETCATALOG_COMPILER_APPICON_NAME = AppIcon;
				ASSETCATALOG_COMPILER_GLOBAL_ACCENT_COLOR_NAME = AccentColor;
				CODE_SIGN_STYLE = Automatic;
				CURRENT_PROJECT_VERSION = 1;
				DEVELOPMENT_ASSET_PATHS = "\"task7.1/Preview Content\"";
				ENABLE_PREVIEWS = YES;
				GENERATE_INFOPLIST_FILE = YES;
				INFOPLIST_KEY_UIApplicationSceneManifest_Generation = YES;
				INFOPLIST_KEY_UIApplicationSupportsIndirectInputEvents = YES;
				INFOPLIST_KEY_UILaunchScreen_Generation = YES;
				INFOPLIST_KEY_UISupportedInterfaceOrientations_iPad = "UIInterfaceOrientationPortrait UIInterfaceOrientationPortraitUpsideDown UIInterfaceOrientationLandscapeLeft UIInterfaceOrientationLandscapeRight";
				INFOPLIST_KEY_UISupportedInterfaceOrientations_iPhone = "UIInterfaceOrientationPortrait UIInterfaceOrientationLandscapeLeft UIInterfaceOrientationLandscapeRight";
				LD_RUNPATH_SEARCH_PATHS = (
					"$(inherited)",
					"@executable_path/Frameworks",
				);
				MARKETING_VERSION = 1.0;
				PRODUCT_BUNDLE_IDENTIFIER = "com.mycookie.task7-1";
				PRODUCT_NAME = "$(TARGET_NAME)";
				SWIFT_EMIT_LOC_STRINGS = YES;
				SWIFT_VERSION = 5.0;
				TARGETED_DEVICE_FAMILY = "1,2";
			};
			name = Debug;
		};
		D6D9C5052A2F5DDF0070317D /* Release */ = {
			isa = XCBuildConfiguration;
			buildSettings = {
				ASSETCATALOG_COMPILER_APPICON_NAME = AppIcon;
				ASSETCATALOG_COMPILER_GLOBAL_ACCENT_COLOR_NAME = AccentColor;
				CODE_SIGN_STYLE = Automatic;
				CURRENT_PROJECT_VERSION = 1;
				DEVELOPMENT_ASSET_PATHS = "\"task7.1/Preview Content\"";
				ENABLE_PREVIEWS = YES;
				GENERATE_INFOPLIST_FILE = YES;
				INFOPLIST_KEY_UIApplicationSceneManifest_Generation = YES;
				INFOPLIST_KEY_UIApplicationSupportsIndirectInputEvents = YES;
				INFOPLIST_KEY_UILaunchScreen_Generation = YES;
				INFOPLIST_KEY_UISupportedInterfaceOrientations_iPad = "UIInterfaceOrientationPortrait UIInterfaceOrientationPortraitUpsideDown UIInterfaceOrientationLandscapeLeft UIInterfaceOrientationLandscapeRight";
				INFOPLIST_KEY_UISupportedInterfaceOrientations_iPhone = "UIInterfaceOrientationPortrait UIInterfaceOrientationLandscapeLeft UIInterfaceOrientationLandscapeRight";
				LD_RUNPATH_SEARCH_PATHS = (
					"$(inherited)",
					"@executable_path/Frameworks",
				);
				MARKETING_VERSION = 1.0;
				PRODUCT_BUNDLE_IDENTIFIER = "com.mycookie.task7-1";
				PRODUCT_NAME = "$(TARGET_NAME)";
				SWIFT_EMIT_LOC_STRINGS = YES;
				SWIFT_VERSION = 5.0;
				TARGETED_DEVICE_FAMILY = "1,2";
			};
			name = Release;
		};
/* End XCBuildConfiguration section */

/* Begin XCConfigurationList section */
		D6D9C4F02A2F5DDA0070317D /* Build configuration list for PBXProject "task7.1" */ = {
			isa = XCConfigurationList;
			buildConfigurations = (
				D6D9C5012A2F5DDF0070317D /* Debug */,
				D6D9C5022A2F5DDF0070317D /* Release */,
			);
			defaultConfigurationIsVisible = 0;
			defaultConfigurationName = Release;
		};
		D6D9C5032A2F5DDF0070317D /* Build configuration list for PBXNativeTarget "task7.1" */ = {
			isa = XCConfigurationList;
			buildConfigurations = (
				D6D9C5042A2F5DDF0070317D /* Debug */,
				D6D9C5052A2F5DDF0070317D /* Release */,
			);
			defaultConfigurationIsVisible = 0;
			defaultConfigurationName = Release;
		};
/* End XCConfigurationList section */

/* Begin XCRemoteSwiftPackageReference section */
		D6D9C5602A3345A10070317D /* XCRemoteSwiftPackageReference "Kingfisher" */ = {
			isa = XCRemoteSwiftPackageReference;
			repositoryURL = "https://github.com/onevcat/Kingfisher.git";
			requirement = {
				kind = upToNextMajorVersion;
				minimumVersion = 7.1.1;
			};
		};
/* End XCRemoteSwiftPackageReference section */

/* Begin XCSwiftPackageProductDependency section */
		D6D9C5612A3345A10070317D /* Kingfisher */ = {
			isa = XCSwiftPackageProductDependency;
			package = D6D9C5602A3345A10070317D /* XCRemoteSwiftPackageReference "Kingfisher" */;
			productName = Kingfisher;
		};
/* End XCSwiftPackageProductDependency section */
	};
	rootObject = D6D9C4ED2A2F5DDA0070317D /* Project object */;
}
